
Microsoft Visual Studio Solution File, Format Version 12.00
# Visual Studio 2013
VisualStudioVersion = 12.0.21005.1
MinimumVisualStudioVersion = 10.0.40219.1
Project("{FAE04EC0-301F-11D3-BF4B-00C04F79EFBC}") = "RoughSetTheory", "RoughSetTheory\RoughSetTheory.csproj", "{7EAC8EF9-7769-4515-BD2A-42E40487C814}"
EndProject
Project("{FAE04EC0-301F-11D3-BF4B-00C04F79EFBC}") = "DataObject", "DataObject\DataObject.csproj", "{DAB6BF4D-9FDF-443C-914F-99DC7FE81A1C}"
EndProject
Global
	GlobalSection(SolutionConfigurationPlatforms) = preSolution
		Debug|Any CPU = Debug|Any CPU
		Release|Any CPU = Release|Any CPU
	EndGlobalSection
	GlobalSection(ProjectConfigurationPlatforms) = postSolution
		{7EAC8EF9-7769-4515-BD2A-42E40487C814}.Debug|Any CPU.ActiveCfg = Debug|Any CPU
		{7EAC8EF9-7769-4515-BD2A-42E40487C814}.Debug|Any CPU.Build.0 = Debug|Any CPU
		{7EAC8EF9-7769-4515-BD2A-42E40487C814}.Release|Any CPU.ActiveCfg = Release|Any CPU
		{7EAC8EF9-7769-4515-BD2A-42E40487C814}.Release|Any CPU.Build.0 = Release|Any CPU
		{DAB6BF4D-9FDF-443C-914F-99DC7FE81A1C}.Debug|Any CPU.ActiveCfg = Debug|Any CPU
		{DAB6BF4D-9FDF-443C-914F-99DC7FE81A1C}.Debug|Any CPU.Build.0 = Debug|Any CPU
		{DAB6BF4D-9FDF-443C-914F-99DC7FE81A1C}.Release|Any CPU.ActiveCfg = Release|Any CPU
		{DAB6BF4D-9FDF-443C-914F-99DC7FE81A1C}.Release|Any CPU.Build.0 = Release|Any CPU
	EndGlobalSection
	GlobalSection(SolutionProperties) = preSolution
		HideSolutionNode = FALSE
	EndGlobalSection
EndGlobal
